{
  "dependencies": {
    "@nofrills/collections": {
      "integrity": "sha512-v3BsWpqWYtr5wG3U414TQcysm124yTNfejKksrhBuZXCNjNx2+5GQrUPo+CjwH286q7Ql//jdtuW/PeI1iDHNQ==",
      "resolved": "https://registry.npmjs.org/@nofrills/collections/-/collections-10.0.1.tgz",
      "version": "10.0.1"
    },
    "@nofrills/lincoln": {
      "integrity": "sha512-uUesuYXpxj/e33GtXKcKDjx1vWD0o90PcQEDqnzxRIukKB04B2XDJvhyOWdmuHRaQB+q3Y7d0g35jMa0xYsO3A==",
      "requires": {
        "@nofrills/collections": "^10.0.1",
        "uuid": "^3.3.3"
      },
      "resolved": "https://registry.npmjs.org/@nofrills/lincoln/-/lincoln-11.0.0.tgz",
      "version": "11.0.0"
    },
    "@nofrills/lincoln-debug": {
      "integrity": "sha512-VrisgfbKs3lVphASBV/ZsOdWgZu4Q9c0OKFMgNE8WjPNe3UYxcXPngfTwgbHYxIBgMz/sq9CIV7E6V1M4pIAhw==",
      "requires": {
        "@nofrills/collections": "^10.0.1",
        "@nofrills/lincoln": "^11.0.0",
        "debug": "^4.1.1"
      },
      "resolved": "https://registry.npmjs.org/@nofrills/lincoln-debug/-/lincoln-debug-11.0.0.tgz",
      "version": "11.0.0"
    },
    "@nofrills/types": {
      "integrity": "sha512-36PLwYQ8umz6jJUvEfrlhoavvxxJUQ3XmbSGVtFEGLDFAEb1+9tYrrJuBQObbhsUwuklV8C8W3QRAKaMz4WETA==",
      "requires": {
        "deepmerge": "^4.2.2",
        "validator": "^12.1.0",
        "zipcodes-regex": "^1.0.3"
      },
      "resolved": "https://registry.npmjs.org/@nofrills/types/-/types-10.0.2.tgz",
      "version": "10.0.2"
    },
    "@types/btoa": {
      "dev": true,
      "integrity": "sha512-ANNCZICS/ofxhzUl8V1DniBJs+sFQ+Yg5am1ZwVEf/sxoKY/J2+h5Fuw3xUErlZ7eJLdgzukBjZwnsV6+/2Rmg==",
      "requires": {
        "@types/node": "*"
      },
      "resolved": "https://registry.npmjs.org/@types/btoa/-/btoa-1.2.3.tgz",
      "version": "1.2.3"
    },
    "@types/deepmerge": {
      "dev": true,
      "integrity": "sha512-FEQYDHh6+Q+QXKSrIY46m+/lAmAj/bk4KpLaam+hArmzaVpMBHLcfwOH2Q2UOkWM7XsdY9PmZpGyPAjh/JRGhQ==",
      "requires": {
        "deepmerge": "*"
      },
      "resolved": "https://registry.npmjs.org/@types/deepmerge/-/deepmerge-2.2.0.tgz",
      "version": "2.2.0"
    },
    "@types/node": {
      "dev": true,
      "integrity": "sha512-Jg1F+bmxcpENHP23sVKkNuU3uaxPnsBMW0cLjleiikFKomJQbsn0Cqk2yDvQArqzZN6ABfBkZ0To7pQ8sLdWDg==",
      "resolved": "https://registry.npmjs.org/@types/node/-/node-13.1.6.tgz",
      "version": "13.1.6"
    },
    "@types/node-fetch": {
      "dev": true,
      "integrity": "sha512-Oz6id++2qAOFuOlE1j0ouk1dzl3mmI1+qINPNBhi9nt/gVOz0G+13Ao6qjhdF0Ys+eOkhu6JnFmt38bR3H0POQ==",
      "requires": {
        "@types/node": "*"
      },
      "resolved": "https://registry.npmjs.org/@types/node-fetch/-/node-fetch-2.5.4.tgz",
      "version": "2.5.4"
    },
    "btoa": {
      "integrity": "sha512-SB4/MIGlsiVkMcHmT+pSmIPoNDoHg+7cMzmt3Uxt628MTz2487DKSqK/fuhFBrkuqrYv5UCEnACpF4dTFNKc/g==",
      "resolved": "https://registry.npmjs.org/btoa/-/btoa-1.2.1.tgz",
      "version": "1.2.1"
    },
    "debug": {
      "integrity": "sha512-pYAIzeRo8J6KPEaJ0VWOh5Pzkbw/RetuzehGM7QRRX5he4fPHx2rdKMB256ehJCkX+XRQm16eZLqLNS8RSZXZw==",
      "requires": {
        "ms": "^2.1.1"
      },
      "resolved": "https://registry.npmjs.org/debug/-/debug-4.1.1.tgz",
      "version": "4.1.1"
    },
    "deepmerge": {
      "integrity": "sha512-FJ3UgI4gIl+PHZm53knsuSFpE+nESMr7M4v9QcgB7S63Kj/6WqMiFQJpBBYz1Pt+66bZpP3Q7Lye0Oo9MPKEdg==",
      "resolved": "https://registry.npmjs.org/deepmerge/-/deepmerge-4.2.2.tgz",
      "version": "4.2.2"
    },
    "ms": {
      "integrity": "sha512-sGkPx+VjMtmA6MX27oA4FBFELFCZZ4S4XqeGOXCv68tT+jb3vk/RyaKWP0PTKyWtmLSM0b+adUTEvbs1PEaH2w==",
      "resolved": "https://registry.npmjs.org/ms/-/ms-2.1.2.tgz",
      "version": "2.1.2"
    },
    "node-fetch": {
      "integrity": "sha512-8dG4H5ujfvFiqDmVu9fQ5bOHUC15JMjMY/Zumv26oOvvVJjM67KF8koCWIabKQ1GJIa9r2mMZscBq/TbdOcmNA==",
      "resolved": "https://registry.npmjs.org/node-fetch/-/node-fetch-2.6.0.tgz",
      "version": "2.6.0"
    },
    "uuid": {
      "integrity": "sha512-pW0No1RGHgzlpHJO1nsVrHKpOEIxkGg1xB+v0ZmdNH5OAeAwzAVrCnI2/6Mtx+Uys6iaylxa+D3g4j63IKKjSQ==",
      "resolved": "https://registry.npmjs.org/uuid/-/uuid-3.3.3.tgz",
      "version": "3.3.3"
    },
    "validator": {
      "integrity": "sha512-jJfE/DW6tIK1Ek8nCfNFqt8Wb3nzMoAbocBF6/Icgg1ZFSBpObdnwVY2jQj6qUqzhx5jc71fpvBWyLGO7Xl+nQ==",
      "resolved": "https://registry.npmjs.org/validator/-/validator-12.2.0.tgz",
      "version": "12.2.0"
    },
    "zipcodes-regex": {
      "integrity": "sha512-ZZeokzfcmQDpu3nSDv6LqIcfsrsh5tlgpFeQdtzxlZupoMjxLwE9H5mZur/RBHsZdMwv6l2aELTLVq1lXCwURA==",
      "resolved": "https://registry.npmjs.org/zipcodes-regex/-/zipcodes-regex-1.0.3.tgz",
      "version": "1.0.3"
    }
  },
  "lockfileVersion": 1,
  "name": "@nativecode/rest-client",
  "requires": true,
  "version": "2.4.1-next.1"
}
