{
  "dependencies": {
    "@nofrills/collections": {
      "integrity": "sha512-v3BsWpqWYtr5wG3U414TQcysm124yTNfejKksrhBuZXCNjNx2+5GQrUPo+CjwH286q7Ql//jdtuW/PeI1iDHNQ==",
      "resolved": "https://registry.npmjs.org/@nofrills/collections/-/collections-10.0.1.tgz",
      "version": "10.0.1"
    },
    "@nofrills/fs": {
      "integrity": "sha512-o17amc8Of7jsGCVzq7OlzeJBMgaqMSwgWC1w+znjhuhFxKylYFaBjQRDB/PzOtZefT+usw/TGw52YwntWJnMIg==",
      "requires": {
        "@nofrills/lincoln-debug": "^11.0.0",
        "glob": "^7.1.6",
        "mkdirp": "^0.5.1",
        "rxjs": "^6.5.3"
      },
      "resolved": "https://registry.npmjs.org/@nofrills/fs/-/fs-11.0.0.tgz",
      "version": "11.0.0"
    },
    "@nofrills/lincoln": {
      "integrity": "sha512-uUesuYXpxj/e33GtXKcKDjx1vWD0o90PcQEDqnzxRIukKB04B2XDJvhyOWdmuHRaQB+q3Y7d0g35jMa0xYsO3A==",
      "requires": {
        "@nofrills/collections": "^10.0.1",
        "uuid": "^3.3.3"
      },
      "resolved": "https://registry.npmjs.org/@nofrills/lincoln/-/lincoln-11.0.0.tgz",
      "version": "11.0.0"
    },
    "@nofrills/lincoln-debug": {
      "integrity": "sha512-VrisgfbKs3lVphASBV/ZsOdWgZu4Q9c0OKFMgNE8WjPNe3UYxcXPngfTwgbHYxIBgMz/sq9CIV7E6V1M4pIAhw==",
      "requires": {
        "@nofrills/collections": "^10.0.1",
        "@nofrills/lincoln": "^11.0.0",
        "debug": "^4.1.1"
      },
      "resolved": "https://registry.npmjs.org/@nofrills/lincoln-debug/-/lincoln-debug-11.0.0.tgz",
      "version": "11.0.0"
    },
    "@nofrills/types": {
      "integrity": "sha512-36PLwYQ8umz6jJUvEfrlhoavvxxJUQ3XmbSGVtFEGLDFAEb1+9tYrrJuBQObbhsUwuklV8C8W3QRAKaMz4WETA==",
      "requires": {
        "deepmerge": "^4.2.2",
        "validator": "^12.1.0",
        "zipcodes-regex": "^1.0.3"
      },
      "resolved": "https://registry.npmjs.org/@nofrills/types/-/types-10.0.2.tgz",
      "version": "10.0.2"
    },
    "@types/color-name": {
      "integrity": "sha512-rr+OQyAjxze7GgWrSaJwydHStIhHq2lvY3BOC2Mj7KnzI7XK0Uw1TOOdI9lDoajEbSWLiYgoo4f1R51erQfhPQ==",
      "resolved": "https://registry.npmjs.org/@types/color-name/-/color-name-1.1.1.tgz",
      "version": "1.1.1"
    },
    "@types/node": {
      "dev": true,
      "integrity": "sha512-Jg1F+bmxcpENHP23sVKkNuU3uaxPnsBMW0cLjleiikFKomJQbsn0Cqk2yDvQArqzZN6ABfBkZ0To7pQ8sLdWDg==",
      "resolved": "https://registry.npmjs.org/@types/node/-/node-13.1.6.tgz",
      "version": "13.1.6"
    },
    "@types/yargs": {
      "dev": true,
      "integrity": "sha512-TITCsNxRSDVmq3kPGuUdKZTPTfHeswsUGIjxSe8SB4EBKTPA0DO0y4yWI95kZ2hfqJAYxmu+gxzjOwdumB5S0g==",
      "requires": {
        "@types/yargs-parser": "*"
      },
      "resolved": "https://registry.npmjs.org/@types/yargs/-/yargs-15.0.0.tgz",
      "version": "15.0.0"
    },
    "@types/yargs-interactive": {
      "dev": true,
      "integrity": "sha512-RmorjtflZGbR5hIdPSV08f4xLSj1WMlZpmCcgoPTWwoV8pWGHPZ4rqryseFDB8LHJ9g86QW1IkO2vaDAu1Rong==",
      "resolved": "https://registry.npmjs.org/@types/yargs-interactive/-/yargs-interactive-2.1.0.tgz",
      "version": "2.1.0"
    },
    "@types/yargs-parser": {
      "dev": true,
      "integrity": "sha512-gCubfBUZ6KxzoibJ+SCUc/57Ms1jz5NjHe4+dI2krNmU5zCPAphyLJYyTOg06ueIyfj+SaCUqmzun7ImlxDcKg==",
      "resolved": "https://registry.npmjs.org/@types/yargs-parser/-/yargs-parser-13.1.0.tgz",
      "version": "13.1.0"
    },
    "ansi-escapes": {
      "integrity": "sha512-EiYhwo0v255HUL6eDyuLrXEkTi7WwVCLAw+SeOQ7M7qdun1z1pum4DEm/nuqIVbPvi9RPPc9k9LbyBv6H0DwVg==",
      "requires": {
        "type-fest": "^0.8.1"
      },
      "resolved": "https://registry.npmjs.org/ansi-escapes/-/ansi-escapes-4.3.0.tgz",
      "version": "4.3.0"
    },
    "ansi-regex": {
      "integrity": "sha512-bY6fj56OUQ0hU1KjFNDQuJFezqKdrAyFdIevADiqrWHwSlbmBNMHp5ak2f40Pm8JTFyM2mqxkG6ngkHO11f/lg==",
      "resolved": "https://registry.npmjs.org/ansi-regex/-/ansi-regex-5.0.0.tgz",
      "version": "5.0.0"
    },
    "ansi-styles": {
      "integrity": "sha512-9VGjrMsG1vePxcSweQsN20KY/c4zN0h9fLjqAbwbPfahM3t+NL+M9HC8xeXG2I8pX5NoamTGNuomEUFI7fcUjA==",
      "requires": {
        "@types/color-name": "^1.1.1",
        "color-convert": "^2.0.1"
      },
      "resolved": "https://registry.npmjs.org/ansi-styles/-/ansi-styles-4.2.1.tgz",
      "version": "4.2.1"
    },
    "balanced-match": {
      "integrity": "sha1-ibTRmasr7kneFk6gK4nORi1xt2c=",
      "resolved": "https://registry.npmjs.org/balanced-match/-/balanced-match-1.0.0.tgz",
      "version": "1.0.0"
    },
    "brace-expansion": {
      "integrity": "sha512-iCuPHDFgrHX7H2vEI/5xpz07zSHB00TpugqhmYtVmMO6518mCuRMoOYFldEBl0g187ufozdaHgWKcYFb61qGiA==",
      "requires": {
        "balanced-match": "^1.0.0",
        "concat-map": "0.0.1"
      },
      "resolved": "https://registry.npmjs.org/brace-expansion/-/brace-expansion-1.1.11.tgz",
      "version": "1.1.11"
    },
    "camelcase": {
      "integrity": "sha512-L28STB170nwWS63UjtlEOE3dldQApaJXZkOI1uMFfzf3rRuPegHaHesyee+YxQ+W6SvRDQV6UrdOdRiR153wJg==",
      "resolved": "https://registry.npmjs.org/camelcase/-/camelcase-5.3.1.tgz",
      "version": "5.3.1"
    },
    "chalk": {
      "dependencies": {
        "ansi-styles": {
          "integrity": "sha512-VT0ZI6kZRdTh8YyJw3SMbYm/u+NqfsAxEpWO0Pf9sq8/e94WxxOpPKx9FR1FlyCtOVDNOQ+8ntlqFxiRc+r5qA==",
          "requires": {
            "color-convert": "^1.9.0"
          },
          "resolved": "https://registry.npmjs.org/ansi-styles/-/ansi-styles-3.2.1.tgz",
          "version": "3.2.1"
        },
        "color-convert": {
          "integrity": "sha512-QfAUtd+vFdAtFQcC8CCyYt1fYWxSqAiK2cSD6zDB8N3cpsEBAvRxp9zOGg6G/SHHJYAT88/az/IuDGALsNVbGg==",
          "requires": {
            "color-name": "1.1.3"
          },
          "resolved": "https://registry.npmjs.org/color-convert/-/color-convert-1.9.3.tgz",
          "version": "1.9.3"
        },
        "color-name": {
          "integrity": "sha1-p9BVi9icQveV3UIyj3QIMcpTvCU=",
          "resolved": "https://registry.npmjs.org/color-name/-/color-name-1.1.3.tgz",
          "version": "1.1.3"
        }
      },
      "integrity": "sha512-Mti+f9lpJNcwF4tWV8/OrTTtF1gZi+f8FqlyAdouralcFWFQWF2+NgCHShjkCb+IFBLq9buZwE1xckQU4peSuQ==",
      "requires": {
        "ansi-styles": "^3.2.1",
        "escape-string-regexp": "^1.0.5",
        "supports-color": "^5.3.0"
      },
      "resolved": "https://registry.npmjs.org/chalk/-/chalk-2.4.2.tgz",
      "version": "2.4.2"
    },
    "chardet": {
      "integrity": "sha512-mT8iDcrh03qDGRRmoA2hmBJnxpllMR+0/0qlzjqZES6NdiWDcZkCNAk4rPFZ9Q85r27unkiNNg8ZOiwZXBHwcA==",
      "resolved": "https://registry.npmjs.org/chardet/-/chardet-0.7.0.tgz",
      "version": "0.7.0"
    },
    "cli-cursor": {
      "integrity": "sha512-I/zHAwsKf9FqGoXM4WWRACob9+SNukZTd94DWF57E4toouRulbCxcUh6RKUEOQlYTHJnzkPMySvPNaaSLNfLZw==",
      "requires": {
        "restore-cursor": "^3.1.0"
      },
      "resolved": "https://registry.npmjs.org/cli-cursor/-/cli-cursor-3.1.0.tgz",
      "version": "3.1.0"
    },
    "cli-width": {
      "integrity": "sha1-/xnt6Kml5XkyQUewwR8PvLq+1jk=",
      "resolved": "https://registry.npmjs.org/cli-width/-/cli-width-2.2.0.tgz",
      "version": "2.2.0"
    },
    "cliui": {
      "integrity": "sha512-t6wbgtoCXvAzst7QgXxJYqPt0usEfbgQdftEPbLL/cvv6HPE5VgvqCuAIDR0NgU52ds6rFwqrgakNLrHEjCbrQ==",
      "requires": {
        "string-width": "^4.2.0",
        "strip-ansi": "^6.0.0",
        "wrap-ansi": "^6.2.0"
      },
      "resolved": "https://registry.npmjs.org/cliui/-/cliui-6.0.0.tgz",
      "version": "6.0.0"
    },
    "color-convert": {
      "integrity": "sha512-RRECPsj7iu/xb5oKYcsFHSppFNnsj/52OVTRKb4zP5onXwVF3zVmmToNcOfGC+CRDpfK/U584fMg38ZHCaElKQ==",
      "requires": {
        "color-name": "~1.1.4"
      },
      "resolved": "https://registry.npmjs.org/color-convert/-/color-convert-2.0.1.tgz",
      "version": "2.0.1"
    },
    "color-name": {
      "integrity": "sha512-dOy+3AuW3a2wNbZHIuMZpTcgjGuLU/uBL/ubcZF9OXbDo8ff4O8yVp5Bf0efS8uEoYo5q4Fx7dY9OgQGXgAsQA==",
      "resolved": "https://registry.npmjs.org/color-name/-/color-name-1.1.4.tgz",
      "version": "1.1.4"
    },
    "concat-map": {
      "integrity": "sha1-2Klr13/Wjfd5OnMDajug1UBdR3s=",
      "resolved": "https://registry.npmjs.org/concat-map/-/concat-map-0.0.1.tgz",
      "version": "0.0.1"
    },
    "debug": {
      "integrity": "sha512-pYAIzeRo8J6KPEaJ0VWOh5Pzkbw/RetuzehGM7QRRX5he4fPHx2rdKMB256ehJCkX+XRQm16eZLqLNS8RSZXZw==",
      "requires": {
        "ms": "^2.1.1"
      },
      "resolved": "https://registry.npmjs.org/debug/-/debug-4.1.1.tgz",
      "version": "4.1.1"
    },
    "decamelize": {
      "integrity": "sha1-9lNNFRSCabIDUue+4m9QH5oZEpA=",
      "resolved": "https://registry.npmjs.org/decamelize/-/decamelize-1.2.0.tgz",
      "version": "1.2.0"
    },
    "deepmerge": {
      "integrity": "sha512-FJ3UgI4gIl+PHZm53knsuSFpE+nESMr7M4v9QcgB7S63Kj/6WqMiFQJpBBYz1Pt+66bZpP3Q7Lye0Oo9MPKEdg==",
      "resolved": "https://registry.npmjs.org/deepmerge/-/deepmerge-4.2.2.tgz",
      "version": "4.2.2"
    },
    "emoji-regex": {
      "integrity": "sha512-MSjYzcWNOA0ewAHpz0MxpYFvwg6yjy1NG3xteoqz644VCo/RPgnr1/GGt+ic3iJTzQ8Eu3TdM14SawnVUmGE6A==",
      "resolved": "https://registry.npmjs.org/emoji-regex/-/emoji-regex-8.0.0.tgz",
      "version": "8.0.0"
    },
    "escape-string-regexp": {
      "integrity": "sha1-G2HAViGQqN/2rjuyzwIAyhMLhtQ=",
      "resolved": "https://registry.npmjs.org/escape-string-regexp/-/escape-string-regexp-1.0.5.tgz",
      "version": "1.0.5"
    },
    "external-editor": {
      "integrity": "sha512-hMQ4CX1p1izmuLYyZqLMO/qGNw10wSv9QDCPfzXfyFrOaCSSoRfqE1Kf1s5an66J5JZC62NewG+mK49jOCtQew==",
      "requires": {
        "chardet": "^0.7.0",
        "iconv-lite": "^0.4.24",
        "tmp": "^0.0.33"
      },
      "resolved": "https://registry.npmjs.org/external-editor/-/external-editor-3.1.0.tgz",
      "version": "3.1.0"
    },
    "figures": {
      "integrity": "sha512-ravh8VRXqHuMvZt/d8GblBeqDMkdJMBdv/2KntFH+ra5MXkO7nxNKpzQ3n6QD/2da1kH0aWmNISdvhM7gl2gVg==",
      "requires": {
        "escape-string-regexp": "^1.0.5"
      },
      "resolved": "https://registry.npmjs.org/figures/-/figures-3.1.0.tgz",
      "version": "3.1.0"
    },
    "find-up": {
      "integrity": "sha512-PpOwAdQ/YlXQ2vj8a3h8IipDuYRi3wceVQQGYWxNINccq40Anw7BlsEXCMbt1Zt+OLA6Fq9suIpIWD0OsnISlw==",
      "requires": {
        "locate-path": "^5.0.0",
        "path-exists": "^4.0.0"
      },
      "resolved": "https://registry.npmjs.org/find-up/-/find-up-4.1.0.tgz",
      "version": "4.1.0"
    },
    "fs.realpath": {
      "integrity": "sha1-FQStJSMVjKpA20onh8sBQRmU6k8=",
      "resolved": "https://registry.npmjs.org/fs.realpath/-/fs.realpath-1.0.0.tgz",
      "version": "1.0.0"
    },
    "get-caller-file": {
      "integrity": "sha512-DyFP3BM/3YHTQOCUL/w0OZHR0lpKeGrxotcHWcqNEdnltqFwXVfhEBQ94eIo34AfQpo0rGki4cyIiftY06h2Fg==",
      "resolved": "https://registry.npmjs.org/get-caller-file/-/get-caller-file-2.0.5.tgz",
      "version": "2.0.5"
    },
    "glob": {
      "integrity": "sha512-LwaxwyZ72Lk7vZINtNNrywX0ZuLyStrdDtabefZKAY5ZGJhVtgdznluResxNmPitE0SAO+O26sWTHeKSI2wMBA==",
      "requires": {
        "fs.realpath": "^1.0.0",
        "inflight": "^1.0.4",
        "inherits": "2",
        "minimatch": "^3.0.4",
        "once": "^1.3.0",
        "path-is-absolute": "^1.0.0"
      },
      "resolved": "https://registry.npmjs.org/glob/-/glob-7.1.6.tgz",
      "version": "7.1.6"
    },
    "has-flag": {
      "integrity": "sha1-tdRU3CGZriJWmfNGfloH87lVuv0=",
      "resolved": "https://registry.npmjs.org/has-flag/-/has-flag-3.0.0.tgz",
      "version": "3.0.0"
    },
    "iconv-lite": {
      "integrity": "sha512-v3MXnZAcvnywkTUEZomIActle7RXXeedOR31wwl7VlyoXO4Qi9arvSenNQWne1TcRwhCL1HwLI21bEqdpj8/rA==",
      "requires": {
        "safer-buffer": ">= 2.1.2 < 3"
      },
      "resolved": "https://registry.npmjs.org/iconv-lite/-/iconv-lite-0.4.24.tgz",
      "version": "0.4.24"
    },
    "inflight": {
      "integrity": "sha1-Sb1jMdfQLQwJvJEKEHW6gWW1bfk=",
      "requires": {
        "once": "^1.3.0",
        "wrappy": "1"
      },
      "resolved": "https://registry.npmjs.org/inflight/-/inflight-1.0.6.tgz",
      "version": "1.0.6"
    },
    "inherits": {
      "integrity": "sha512-k/vGaX4/Yla3WzyMCvTQOXYeIHvqOKtnqBduzTHpzpQZzAskKMhZ2K+EnBiSM9zGSoIFeMpXKxa4dYeZIQqewQ==",
      "resolved": "https://registry.npmjs.org/inherits/-/inherits-2.0.4.tgz",
      "version": "2.0.4"
    },
    "inquirer": {
      "dependencies": {
        "ansi-regex": {
          "integrity": "sha512-1apePfXM1UOSqw0o9IiFAovVz9M5S1Dg+4TrDwfMewQ6p/rmMueb7tWZjQ1rx4Loy1ArBggoqGpfqqdI4rondg==",
          "resolved": "https://registry.npmjs.org/ansi-regex/-/ansi-regex-4.1.0.tgz",
          "version": "4.1.0"
        },
        "strip-ansi": {
          "integrity": "sha512-DuRs1gKbBqsMKIZlrffwlug8MHkcnpjs5VPmL1PAh+mA30U0DTotfDZ0d2UUsXpPmPmMMJ6W773MaA3J+lbiWA==",
          "requires": {
            "ansi-regex": "^4.1.0"
          },
          "resolved": "https://registry.npmjs.org/strip-ansi/-/strip-ansi-5.2.0.tgz",
          "version": "5.2.0"
        }
      },
      "integrity": "sha512-+OiOVeVydu4hnCGLCSX+wedovR/Yzskv9BFqUNNKq9uU2qg7LCcCo3R86S2E7WLo0y/x2pnEZfZe1CoYnORUAw==",
      "requires": {
        "ansi-escapes": "^4.2.1",
        "chalk": "^2.4.2",
        "cli-cursor": "^3.1.0",
        "cli-width": "^2.0.0",
        "external-editor": "^3.0.3",
        "figures": "^3.0.0",
        "lodash": "^4.17.15",
        "mute-stream": "0.0.8",
        "run-async": "^2.2.0",
        "rxjs": "^6.5.3",
        "string-width": "^4.1.0",
        "strip-ansi": "^5.1.0",
        "through": "^2.3.6"
      },
      "resolved": "https://registry.npmjs.org/inquirer/-/inquirer-7.0.3.tgz",
      "version": "7.0.3"
    },
    "is-fullwidth-code-point": {
      "integrity": "sha512-zymm5+u+sCsSWyD9qNaejV3DFvhCKclKdizYaJUuHA83RLjb7nSuGnddCHGv0hk+KY7BMAlsWeK4Ueg6EV6XQg==",
      "resolved": "https://registry.npmjs.org/is-fullwidth-code-point/-/is-fullwidth-code-point-3.0.0.tgz",
      "version": "3.0.0"
    },
    "is-promise": {
      "integrity": "sha1-eaKp7OfwlugPNtKy87wWwf9L8/o=",
      "resolved": "https://registry.npmjs.org/is-promise/-/is-promise-2.1.0.tgz",
      "version": "2.1.0"
    },
    "locate-path": {
      "integrity": "sha512-t7hw9pI+WvuwNJXwk5zVHpyhIqzg2qTlklJOf0mVxGSbe3Fp2VieZcduNYjaLDoy6p9uGpQEGWG87WpMKlNq8g==",
      "requires": {
        "p-locate": "^4.1.0"
      },
      "resolved": "https://registry.npmjs.org/locate-path/-/locate-path-5.0.0.tgz",
      "version": "5.0.0"
    },
    "lodash": {
      "integrity": "sha512-8xOcRHvCjnocdS5cpwXQXVzmmh5e5+saE2QGoeQmbKmRS6J3VQppPOIt0MnmE+4xlZoumy0GPG0D0MVIQbNA1A==",
      "resolved": "https://registry.npmjs.org/lodash/-/lodash-4.17.15.tgz",
      "version": "4.17.15"
    },
    "mimic-fn": {
      "integrity": "sha512-OqbOk5oEQeAZ8WXWydlu9HJjz9WVdEIvamMCcXmuqUYjTknH/sqsWvhQ3vgwKFRR1HpjvNBKQ37nbJgYzGqGcg==",
      "resolved": "https://registry.npmjs.org/mimic-fn/-/mimic-fn-2.1.0.tgz",
      "version": "2.1.0"
    },
    "minimatch": {
      "integrity": "sha512-yJHVQEhyqPLUTgt9B83PXu6W3rx4MvvHvSUvToogpwoGDOUQ+yDrR0HRot+yOCdCO7u4hX3pWft6kWBBcqh0UA==",
      "requires": {
        "brace-expansion": "^1.1.7"
      },
      "resolved": "https://registry.npmjs.org/minimatch/-/minimatch-3.0.4.tgz",
      "version": "3.0.4"
    },
    "minimist": {
      "integrity": "sha1-hX/Kv8M5fSYluCKCYuhqp6ARsF0=",
      "resolved": "https://registry.npmjs.org/minimist/-/minimist-0.0.8.tgz",
      "version": "0.0.8"
    },
    "mkdirp": {
      "integrity": "sha1-MAV0OOrGz3+MR2fzhkjWaX11yQM=",
      "requires": {
        "minimist": "0.0.8"
      },
      "resolved": "https://registry.npmjs.org/mkdirp/-/mkdirp-0.5.1.tgz",
      "version": "0.5.1"
    },
    "ms": {
      "integrity": "sha512-sGkPx+VjMtmA6MX27oA4FBFELFCZZ4S4XqeGOXCv68tT+jb3vk/RyaKWP0PTKyWtmLSM0b+adUTEvbs1PEaH2w==",
      "resolved": "https://registry.npmjs.org/ms/-/ms-2.1.2.tgz",
      "version": "2.1.2"
    },
    "mute-stream": {
      "integrity": "sha512-nnbWWOkoWyUsTjKrhgD0dcz22mdkSnpYqbEjIm2nhwhuxlSkpywJmBo8h0ZqJdkp73mb90SssHkN4rsRaBAfAA==",
      "resolved": "https://registry.npmjs.org/mute-stream/-/mute-stream-0.0.8.tgz",
      "version": "0.0.8"
    },
    "once": {
      "integrity": "sha1-WDsap3WWHUsROsF9nFC6753Xa9E=",
      "requires": {
        "wrappy": "1"
      },
      "resolved": "https://registry.npmjs.org/once/-/once-1.4.0.tgz",
      "version": "1.4.0"
    },
    "onetime": {
      "integrity": "sha512-5NcSkPHhwTVFIQN+TUqXoS5+dlElHXdpAWu9I0HP20YOtIi+aZ0Ct82jdlILDxjLEAWwvm+qj1m6aEtsDVmm6Q==",
      "requires": {
        "mimic-fn": "^2.1.0"
      },
      "resolved": "https://registry.npmjs.org/onetime/-/onetime-5.1.0.tgz",
      "version": "5.1.0"
    },
    "os-tmpdir": {
      "integrity": "sha1-u+Z0BseaqFxc/sdm/lc0VV36EnQ=",
      "resolved": "https://registry.npmjs.org/os-tmpdir/-/os-tmpdir-1.0.2.tgz",
      "version": "1.0.2"
    },
    "p-limit": {
      "integrity": "sha512-WGR+xHecKTr7EbUEhyLSh5Dube9JtdiG78ufaeLxTgpudf/20KqyMioIUZJAezlTIi6evxuoUs9YXc11cU+yzQ==",
      "requires": {
        "p-try": "^2.0.0"
      },
      "resolved": "https://registry.npmjs.org/p-limit/-/p-limit-2.2.2.tgz",
      "version": "2.2.2"
    },
    "p-locate": {
      "integrity": "sha512-R79ZZ/0wAxKGu3oYMlz8jy/kbhsNrS7SKZ7PxEHBgJ5+F2mtFW2fK2cOtBh1cHYkQsbzFV7I+EoRKe6Yt0oK7A==",
      "requires": {
        "p-limit": "^2.2.0"
      },
      "resolved": "https://registry.npmjs.org/p-locate/-/p-locate-4.1.0.tgz",
      "version": "4.1.0"
    },
    "p-try": {
      "integrity": "sha512-R4nPAVTAU0B9D35/Gk3uJf/7XYbQcyohSKdvAxIRSNghFl4e71hVoGnBNQz9cWaXxO2I10KTC+3jMdvvoKw6dQ==",
      "resolved": "https://registry.npmjs.org/p-try/-/p-try-2.2.0.tgz",
      "version": "2.2.0"
    },
    "path-exists": {
      "integrity": "sha512-ak9Qy5Q7jYb2Wwcey5Fpvg2KoAc/ZIhLSLOSBmRmygPsGwkVVt0fZa0qrtMz+m6tJTAHfZQ8FnmB4MG4LWy7/w==",
      "resolved": "https://registry.npmjs.org/path-exists/-/path-exists-4.0.0.tgz",
      "version": "4.0.0"
    },
    "path-is-absolute": {
      "integrity": "sha1-F0uSaHNVNP+8es5r9TpanhtcX18=",
      "resolved": "https://registry.npmjs.org/path-is-absolute/-/path-is-absolute-1.0.1.tgz",
      "version": "1.0.1"
    },
    "require-directory": {
      "integrity": "sha1-jGStX9MNqxyXbiNE/+f3kqam30I=",
      "resolved": "https://registry.npmjs.org/require-directory/-/require-directory-2.1.1.tgz",
      "version": "2.1.1"
    },
    "require-main-filename": {
      "integrity": "sha512-NKN5kMDylKuldxYLSUfrbo5Tuzh4hd+2E8NPPX02mZtn1VuREQToYe/ZdlJy+J3uCpfaiGF05e7B8W0iXbQHmg==",
      "resolved": "https://registry.npmjs.org/require-main-filename/-/require-main-filename-2.0.0.tgz",
      "version": "2.0.0"
    },
    "restore-cursor": {
      "integrity": "sha512-l+sSefzHpj5qimhFSE5a8nufZYAM3sBSVMAPtYkmC+4EH2anSGaEMXSD0izRQbu9nfyQ9y5JrVmp7E8oZrUjvA==",
      "requires": {
        "onetime": "^5.1.0",
        "signal-exit": "^3.0.2"
      },
      "resolved": "https://registry.npmjs.org/restore-cursor/-/restore-cursor-3.1.0.tgz",
      "version": "3.1.0"
    },
    "run-async": {
      "integrity": "sha1-A3GrSuC91yDUFm19/aZP96RFpsA=",
      "requires": {
        "is-promise": "^2.1.0"
      },
      "resolved": "https://registry.npmjs.org/run-async/-/run-async-2.3.0.tgz",
      "version": "2.3.0"
    },
    "rxjs": {
      "integrity": "sha512-naMQXcgEo3csAEGvw/NydRA0fuS2nDZJiw1YUWFKU7aPPAPGZEsD4Iimit96qwCieH6y614MCLYwdkrWx7z/7Q==",
      "requires": {
        "tslib": "^1.9.0"
      },
      "resolved": "https://registry.npmjs.org/rxjs/-/rxjs-6.5.4.tgz",
      "version": "6.5.4"
    },
    "safer-buffer": {
      "integrity": "sha512-YZo3K82SD7Riyi0E1EQPojLz7kpepnSQI9IyPbHHg1XXXevb5dJI7tpyN2ADxGcQbHG7vcyRHk0cbwqcQriUtg==",
      "resolved": "https://registry.npmjs.org/safer-buffer/-/safer-buffer-2.1.2.tgz",
      "version": "2.1.2"
    },
    "set-blocking": {
      "integrity": "sha1-BF+XgtARrppoA93TgrJDkrPYkPc=",
      "resolved": "https://registry.npmjs.org/set-blocking/-/set-blocking-2.0.0.tgz",
      "version": "2.0.0"
    },
    "signal-exit": {
      "integrity": "sha1-tf3AjxKH6hF4Yo5BXiUTK3NkbG0=",
      "resolved": "https://registry.npmjs.org/signal-exit/-/signal-exit-3.0.2.tgz",
      "version": "3.0.2"
    },
    "string-width": {
      "integrity": "sha512-zUz5JD+tgqtuDjMhwIg5uFVV3dtqZ9yQJlZVfq4I01/K5Paj5UHj7VyrQOJvzawSVlKpObApbfD0Ed6yJc+1eg==",
      "requires": {
        "emoji-regex": "^8.0.0",
        "is-fullwidth-code-point": "^3.0.0",
        "strip-ansi": "^6.0.0"
      },
      "resolved": "https://registry.npmjs.org/string-width/-/string-width-4.2.0.tgz",
      "version": "4.2.0"
    },
    "strip-ansi": {
      "integrity": "sha512-AuvKTrTfQNYNIctbR1K/YGTR1756GycPsg7b9bdV9Duqur4gv6aKqHXah67Z8ImS7WEz5QVcOtlfW2rZEugt6w==",
      "requires": {
        "ansi-regex": "^5.0.0"
      },
      "resolved": "https://registry.npmjs.org/strip-ansi/-/strip-ansi-6.0.0.tgz",
      "version": "6.0.0"
    },
    "supports-color": {
      "integrity": "sha512-QjVjwdXIt408MIiAqCX4oUKsgU2EqAGzs2Ppkm4aQYbjm+ZEWEcW4SfFNTr4uMNZma0ey4f5lgLrkB0aX0QMow==",
      "requires": {
        "has-flag": "^3.0.0"
      },
      "resolved": "https://registry.npmjs.org/supports-color/-/supports-color-5.5.0.tgz",
      "version": "5.5.0"
    },
    "through": {
      "integrity": "sha1-DdTJ/6q8NXlgsbckEV1+Doai4fU=",
      "resolved": "https://registry.npmjs.org/through/-/through-2.3.8.tgz",
      "version": "2.3.8"
    },
    "tmp": {
      "integrity": "sha512-jRCJlojKnZ3addtTOjdIqoRuPEKBvNXcGYqzO6zWZX8KfKEpnGY5jfggJQ3EjKuu8D4bJRr0y+cYJFmYbImXGw==",
      "requires": {
        "os-tmpdir": "~1.0.2"
      },
      "resolved": "https://registry.npmjs.org/tmp/-/tmp-0.0.33.tgz",
      "version": "0.0.33"
    },
    "tslib": {
      "integrity": "sha512-qOebF53frne81cf0S9B41ByenJ3/IuH8yJKngAX35CmiZySA0khhkovshKK+jGCaMnVomla7gVlIcc3EvKPbTQ==",
      "resolved": "https://registry.npmjs.org/tslib/-/tslib-1.10.0.tgz",
      "version": "1.10.0"
    },
    "type-fest": {
      "integrity": "sha512-4dbzIzqvjtgiM5rw1k5rEHtBANKmdudhGyBEajN01fEyhaAIhsoKNy6y7+IN93IfpFtwY9iqi7kD+xwKhQsNJA==",
      "resolved": "https://registry.npmjs.org/type-fest/-/type-fest-0.8.1.tgz",
      "version": "0.8.1"
    },
    "typescript": {
      "dev": true,
      "integrity": "sha512-A25xv5XCtarLwXpcDNZzCGvW2D1S3/bACratYBx2sax8PefsFhlYmkQicKHvpYflFS8if4zne5zT5kpJ7pzuvw==",
      "resolved": "https://registry.npmjs.org/typescript/-/typescript-3.7.4.tgz",
      "version": "3.7.4"
    },
    "uuid": {
      "integrity": "sha512-pW0No1RGHgzlpHJO1nsVrHKpOEIxkGg1xB+v0ZmdNH5OAeAwzAVrCnI2/6Mtx+Uys6iaylxa+D3g4j63IKKjSQ==",
      "resolved": "https://registry.npmjs.org/uuid/-/uuid-3.3.3.tgz",
      "version": "3.3.3"
    },
    "validator": {
      "integrity": "sha512-gIC2RBuFRi574Rb9vewGCJ7TCLxHXNx6EKthEgs+Iz0pYa9a9Te1VLG/bGLsAyGWrqR5FfR7tbFUI7FEF2LiGA==",
      "resolved": "https://registry.npmjs.org/validator/-/validator-12.1.0.tgz",
      "version": "12.1.0"
    },
    "which-module": {
      "integrity": "sha1-2e8H3Od7mQK4o6j6SzHD4/fm6Ho=",
      "resolved": "https://registry.npmjs.org/which-module/-/which-module-2.0.0.tgz",
      "version": "2.0.0"
    },
    "wrap-ansi": {
      "integrity": "sha512-r6lPcBGxZXlIcymEu7InxDMhdW0KDxpLgoFLcguasxCaJ/SOIZwINatK9KY/tf+ZrlywOKU0UDj3ATXUBfxJXA==",
      "requires": {
        "ansi-styles": "^4.0.0",
        "string-width": "^4.1.0",
        "strip-ansi": "^6.0.0"
      },
      "resolved": "https://registry.npmjs.org/wrap-ansi/-/wrap-ansi-6.2.0.tgz",
      "version": "6.2.0"
    },
    "wrappy": {
      "integrity": "sha1-tSQ9jz7BqjXxNkYFvA0QNuMKtp8=",
      "resolved": "https://registry.npmjs.org/wrappy/-/wrappy-1.0.2.tgz",
      "version": "1.0.2"
    },
    "y18n": {
      "integrity": "sha512-r9S/ZyXu/Xu9q1tYlpsLIsa3EeLXXk0VwlxqTcFRfg9EhMW+17kbt9G0NrgCmhGb5vT2hyhJZLfDGx+7+5Uj/w==",
      "resolved": "https://registry.npmjs.org/y18n/-/y18n-4.0.0.tgz",
      "version": "4.0.0"
    },
    "yargs": {
      "integrity": "sha512-T39FNN1b6hCW4SOIk1XyTOWxtXdcen0t+XYrysQmChzSipvhBO8Bj0nK1ozAasdk24dNWuMZvr4k24nz+8HHLg==",
      "requires": {
        "cliui": "^6.0.0",
        "decamelize": "^1.2.0",
        "find-up": "^4.1.0",
        "get-caller-file": "^2.0.1",
        "require-directory": "^2.1.1",
        "require-main-filename": "^2.0.0",
        "set-blocking": "^2.0.0",
        "string-width": "^4.2.0",
        "which-module": "^2.0.0",
        "y18n": "^4.0.0",
        "yargs-parser": "^16.1.0"
      },
      "resolved": "https://registry.npmjs.org/yargs/-/yargs-15.1.0.tgz",
      "version": "15.1.0"
    },
    "yargs-interactive": {
      "dependencies": {
        "ansi-regex": {
          "integrity": "sha512-1apePfXM1UOSqw0o9IiFAovVz9M5S1Dg+4TrDwfMewQ6p/rmMueb7tWZjQ1rx4Loy1ArBggoqGpfqqdI4rondg==",
          "resolved": "https://registry.npmjs.org/ansi-regex/-/ansi-regex-4.1.0.tgz",
          "version": "4.1.0"
        },
        "ansi-styles": {
          "integrity": "sha512-VT0ZI6kZRdTh8YyJw3SMbYm/u+NqfsAxEpWO0Pf9sq8/e94WxxOpPKx9FR1FlyCtOVDNOQ+8ntlqFxiRc+r5qA==",
          "requires": {
            "color-convert": "^1.9.0"
          },
          "resolved": "https://registry.npmjs.org/ansi-styles/-/ansi-styles-3.2.1.tgz",
          "version": "3.2.1"
        },
        "cliui": {
          "integrity": "sha512-PYeGSEmmHM6zvoef2w8TPzlrnNpXIjTipYK780YswmIP9vjxmd6Y2a3CB2Ks6/AU8NHjZugXvo8w3oWM2qnwXA==",
          "requires": {
            "string-width": "^3.1.0",
            "strip-ansi": "^5.2.0",
            "wrap-ansi": "^5.1.0"
          },
          "resolved": "https://registry.npmjs.org/cliui/-/cliui-5.0.0.tgz",
          "version": "5.0.0"
        },
        "color-convert": {
          "integrity": "sha512-QfAUtd+vFdAtFQcC8CCyYt1fYWxSqAiK2cSD6zDB8N3cpsEBAvRxp9zOGg6G/SHHJYAT88/az/IuDGALsNVbGg==",
          "requires": {
            "color-name": "1.1.3"
          },
          "resolved": "https://registry.npmjs.org/color-convert/-/color-convert-1.9.3.tgz",
          "version": "1.9.3"
        },
        "color-name": {
          "integrity": "sha1-p9BVi9icQveV3UIyj3QIMcpTvCU=",
          "resolved": "https://registry.npmjs.org/color-name/-/color-name-1.1.3.tgz",
          "version": "1.1.3"
        },
        "emoji-regex": {
          "integrity": "sha512-CwBLREIQ7LvYFB0WyRvwhq5N5qPhc6PMjD6bYggFlI5YyDgl+0vxq5VHbMOFqLg7hfWzmu8T5Z1QofhmTIhItA==",
          "resolved": "https://registry.npmjs.org/emoji-regex/-/emoji-regex-7.0.3.tgz",
          "version": "7.0.3"
        },
        "find-up": {
          "integrity": "sha512-1yD6RmLI1XBfxugvORwlck6f75tYL+iR0jqwsOrOxMZyGYqUuDhJ0l4AXdO1iX/FTs9cBAMEk1gWSEx1kSbylg==",
          "requires": {
            "locate-path": "^3.0.0"
          },
          "resolved": "https://registry.npmjs.org/find-up/-/find-up-3.0.0.tgz",
          "version": "3.0.0"
        },
        "is-fullwidth-code-point": {
          "integrity": "sha1-o7MKXE8ZkYMWeqq5O+764937ZU8=",
          "resolved": "https://registry.npmjs.org/is-fullwidth-code-point/-/is-fullwidth-code-point-2.0.0.tgz",
          "version": "2.0.0"
        },
        "locate-path": {
          "integrity": "sha512-7AO748wWnIhNqAuaty2ZWHkQHRSNfPVIsPIfwEOWO22AmaoVrWavlOcMR5nzTLNYvp36X220/maaRsrec1G65A==",
          "requires": {
            "p-locate": "^3.0.0",
            "path-exists": "^3.0.0"
          },
          "resolved": "https://registry.npmjs.org/locate-path/-/locate-path-3.0.0.tgz",
          "version": "3.0.0"
        },
        "p-locate": {
          "integrity": "sha512-x+12w/To+4GFfgJhBEpiDcLozRJGegY+Ei7/z0tSLkMmxGZNybVMSfWj9aJn8Z5Fc7dBUNJOOVgPv2H7IwulSQ==",
          "requires": {
            "p-limit": "^2.0.0"
          },
          "resolved": "https://registry.npmjs.org/p-locate/-/p-locate-3.0.0.tgz",
          "version": "3.0.0"
        },
        "path-exists": {
          "integrity": "sha1-zg6+ql94yxiSXqfYENe1mwEP1RU=",
          "resolved": "https://registry.npmjs.org/path-exists/-/path-exists-3.0.0.tgz",
          "version": "3.0.0"
        },
        "string-width": {
          "integrity": "sha512-vafcv6KjVZKSgz06oM/H6GDBrAtz8vdhQakGjFIvNrHA6y3HCF1CInLy+QLq8dTJPQ1b+KDUqDFctkdRW44e1w==",
          "requires": {
            "emoji-regex": "^7.0.1",
            "is-fullwidth-code-point": "^2.0.0",
            "strip-ansi": "^5.1.0"
          },
          "resolved": "https://registry.npmjs.org/string-width/-/string-width-3.1.0.tgz",
          "version": "3.1.0"
        },
        "strip-ansi": {
          "integrity": "sha512-DuRs1gKbBqsMKIZlrffwlug8MHkcnpjs5VPmL1PAh+mA30U0DTotfDZ0d2UUsXpPmPmMMJ6W773MaA3J+lbiWA==",
          "requires": {
            "ansi-regex": "^4.1.0"
          },
          "resolved": "https://registry.npmjs.org/strip-ansi/-/strip-ansi-5.2.0.tgz",
          "version": "5.2.0"
        },
        "wrap-ansi": {
          "integrity": "sha512-QC1/iN/2/RPVJ5jYK8BGttj5z83LmSKmvbvrXPNCLZSEb32KKVDJDl/MOt2N01qU2H/FkzEa9PKto1BqDjtd7Q==",
          "requires": {
            "ansi-styles": "^3.2.0",
            "string-width": "^3.0.0",
            "strip-ansi": "^5.0.0"
          },
          "resolved": "https://registry.npmjs.org/wrap-ansi/-/wrap-ansi-5.1.0.tgz",
          "version": "5.1.0"
        },
        "yargs": {
          "integrity": "sha512-/4ld+4VV5RnrynMhPZJ/ZpOCGSCeghMykZ3BhdFBDa9Wy/RH6uEGNWDJog+aUlq+9OM1CFTgtYRW5Is1Po9NOA==",
          "requires": {
            "cliui": "^5.0.0",
            "decamelize": "^1.2.0",
            "find-up": "^3.0.0",
            "get-caller-file": "^2.0.1",
            "require-directory": "^2.1.1",
            "require-main-filename": "^2.0.0",
            "set-blocking": "^2.0.0",
            "string-width": "^3.0.0",
            "which-module": "^2.0.0",
            "y18n": "^4.0.0",
            "yargs-parser": "^15.0.0"
          },
          "resolved": "https://registry.npmjs.org/yargs/-/yargs-14.2.2.tgz",
          "version": "14.2.2"
        },
        "yargs-parser": {
          "integrity": "sha512-xLTUnCMc4JhxrPEPUYD5IBR1mWCK/aT6+RJ/K29JY2y1vD+FhtgKK0AXRWvI262q3QSffAQuTouFIKUuHX89wQ==",
          "requires": {
            "camelcase": "^5.0.0",
            "decamelize": "^1.2.0"
          },
          "resolved": "https://registry.npmjs.org/yargs-parser/-/yargs-parser-15.0.0.tgz",
          "version": "15.0.0"
        }
      },
      "integrity": "sha512-yJWGjwt/PkX8uJ6/u928RQtsTIWUbS8H9jYMvLXdrFmWmmTY781SXrZKgW/VF1H8ViOtYst4OeXX0UVTmjA1wg==",
      "requires": {
        "inquirer": "^7.0.0",
        "yargs": "^14.0.0"
      },
      "resolved": "https://registry.npmjs.org/yargs-interactive/-/yargs-interactive-3.0.0.tgz",
      "version": "3.0.0"
    },
    "yargs-parser": {
      "integrity": "sha512-H/V41UNZQPkUMIT5h5hiwg4QKIY1RPvoBV4XcjUbRM8Bk2oKqqyZ0DIEbTFZB0XjbtSPG8SAa/0DxCQmiRgzKg==",
      "requires": {
        "camelcase": "^5.0.0",
        "decamelize": "^1.2.0"
      },
      "resolved": "https://registry.npmjs.org/yargs-parser/-/yargs-parser-16.1.0.tgz",
      "version": "16.1.0"
    },
    "zipcodes-regex": {
      "integrity": "sha512-ZZeokzfcmQDpu3nSDv6LqIcfsrsh5tlgpFeQdtzxlZupoMjxLwE9H5mZur/RBHsZdMwv6l2aELTLVq1lXCwURA==",
      "resolved": "https://registry.npmjs.org/zipcodes-regex/-/zipcodes-regex-1.0.3.tgz",
      "version": "1.0.3"
    }
  },
  "lockfileVersion": 1,
  "name": "@nativecode/sonarr-cli",
  "requires": true,
  "version": "1.1.2-next.3"
}
