{
  "dependencies": {
    "@nofrills/collections": {
      "integrity": "sha512-v3BsWpqWYtr5wG3U414TQcysm124yTNfejKksrhBuZXCNjNx2+5GQrUPo+CjwH286q7Ql//jdtuW/PeI1iDHNQ==",
      "resolved": "https://registry.npmjs.org/@nofrills/collections/-/collections-10.0.1.tgz",
      "version": "10.0.1"
    },
    "@nofrills/lincoln": {
      "integrity": "sha512-uUesuYXpxj/e33GtXKcKDjx1vWD0o90PcQEDqnzxRIukKB04B2XDJvhyOWdmuHRaQB+q3Y7d0g35jMa0xYsO3A==",
      "requires": {
        "@nofrills/collections": "^10.0.1",
        "uuid": "^3.3.3"
      },
      "resolved": "https://registry.npmjs.org/@nofrills/lincoln/-/lincoln-11.0.0.tgz",
      "version": "11.0.0"
    },
    "@nofrills/lincoln-debug": {
      "integrity": "sha512-VrisgfbKs3lVphASBV/ZsOdWgZu4Q9c0OKFMgNE8WjPNe3UYxcXPngfTwgbHYxIBgMz/sq9CIV7E6V1M4pIAhw==",
      "requires": {
        "@nofrills/collections": "^10.0.1",
        "@nofrills/lincoln": "^11.0.0",
        "debug": "^4.1.1"
      },
      "resolved": "https://registry.npmjs.org/@nofrills/lincoln-debug/-/lincoln-debug-11.0.0.tgz",
      "version": "11.0.0"
    },
    "@types/isomorphic-fetch": {
      "dev": true,
      "integrity": "sha512-DaZNUvLDCAnCTjgwxgiL1eQdxIKEpNLOlTNtAgnZc50bG2copGhRrFN9/PxPBuJe+tZVLCbQ7ls0xveXVRPkvw==",
      "resolved": "https://registry.npmjs.org/@types/isomorphic-fetch/-/isomorphic-fetch-0.0.35.tgz",
      "version": "0.0.35"
    },
    "@types/node": {
      "dev": true,
      "integrity": "sha512-Jg1F+bmxcpENHP23sVKkNuU3uaxPnsBMW0cLjleiikFKomJQbsn0Cqk2yDvQArqzZN6ABfBkZ0To7pQ8sLdWDg==",
      "resolved": "https://registry.npmjs.org/@types/node/-/node-13.1.6.tgz",
      "version": "13.1.6"
    },
    "@types/xml2json": {
      "dev": true,
      "integrity": "sha512-7q/z45tcMKEPlbCoV5EGPdFLrHst9m3w/sy1tdCvfoR2gI78UgzfhML2jemKAuE2bY2/ZE7f0qzWM0LZ97M54Q==",
      "resolved": "https://registry.npmjs.org/@types/xml2json/-/xml2json-0.11.0.tgz",
      "version": "0.11.0"
    },
    "bindings": {
      "integrity": "sha512-p2q/t/mhvuOj/UeLlV6566GD/guowlr0hHxClI0W9m7MWYkL1F0hLo+0Aexs9HSPCtR1SXQ0TD3MMKrXZajbiQ==",
      "requires": {
        "file-uri-to-path": "1.0.0"
      },
      "resolved": "https://registry.npmjs.org/bindings/-/bindings-1.5.0.tgz",
      "version": "1.5.0"
    },
    "debug": {
      "integrity": "sha512-pYAIzeRo8J6KPEaJ0VWOh5Pzkbw/RetuzehGM7QRRX5he4fPHx2rdKMB256ehJCkX+XRQm16eZLqLNS8RSZXZw==",
      "requires": {
        "ms": "^2.1.1"
      },
      "resolved": "https://registry.npmjs.org/debug/-/debug-4.1.1.tgz",
      "version": "4.1.1"
    },
    "encoding": {
      "integrity": "sha1-U4tm8+5izRq1HsMjgp0flIDHS+s=",
      "requires": {
        "iconv-lite": "~0.4.13"
      },
      "resolved": "https://registry.npmjs.org/encoding/-/encoding-0.1.12.tgz",
      "version": "0.1.12"
    },
    "file-uri-to-path": {
      "integrity": "sha512-0Zt+s3L7Vf1biwWZ29aARiVYLx7iMGnEUl9x33fbB/j3jR81u/O2LbqK+Bm1CDSNDKVtJ/YjwY7TUd5SkeLQLw==",
      "resolved": "https://registry.npmjs.org/file-uri-to-path/-/file-uri-to-path-1.0.0.tgz",
      "version": "1.0.0"
    },
    "hoek": {
      "integrity": "sha512-QLg82fGkfnJ/4iy1xZ81/9SIJiq1NGFUMGs6ParyjBZr6jW2Ufj/snDqTHixNlHdPNwN2RLVD0Pi3igeK9+JfA==",
      "resolved": "https://registry.npmjs.org/hoek/-/hoek-4.2.1.tgz",
      "version": "4.2.1"
    },
    "iconv-lite": {
      "integrity": "sha512-v3MXnZAcvnywkTUEZomIActle7RXXeedOR31wwl7VlyoXO4Qi9arvSenNQWne1TcRwhCL1HwLI21bEqdpj8/rA==",
      "requires": {
        "safer-buffer": ">= 2.1.2 < 3"
      },
      "resolved": "https://registry.npmjs.org/iconv-lite/-/iconv-lite-0.4.24.tgz",
      "version": "0.4.24"
    },
    "is-stream": {
      "integrity": "sha1-EtSj3U5o4Lec6428hBc66A2RykQ=",
      "resolved": "https://registry.npmjs.org/is-stream/-/is-stream-1.1.0.tgz",
      "version": "1.1.0"
    },
    "isemail": {
      "integrity": "sha512-zKqkK+O+dGqevc93KNsbZ/TqTUFd46MwWjYOoMrjIMZ51eU7DtQG3Wmd9SQQT7i7RVnuTPEiYEWHU3MSbxC1Tg==",
      "requires": {
        "punycode": "2.x.x"
      },
      "resolved": "https://registry.npmjs.org/isemail/-/isemail-3.2.0.tgz",
      "version": "3.2.0"
    },
    "isomorphic-fetch": {
      "integrity": "sha1-YRrhrPFPXoH3KVB0coGf6XM1WKk=",
      "requires": {
        "node-fetch": "^1.0.1",
        "whatwg-fetch": ">=0.10.0"
      },
      "resolved": "https://registry.npmjs.org/isomorphic-fetch/-/isomorphic-fetch-2.2.1.tgz",
      "version": "2.2.1"
    },
    "joi": {
      "dependencies": {
        "hoek": {
          "integrity": "sha512-Alr4ZQgoMlnere5FZJsIyfIjORBqZll5POhDsF4q64dPuJR6rNxXdDxtHSQq8OXRurhmx+PWYEE8bXRROY8h0w==",
          "resolved": "https://registry.npmjs.org/hoek/-/hoek-5.0.4.tgz",
          "version": "5.0.4"
        }
      },
      "integrity": "sha512-xuY5VkHfeOYK3Hdi91ulocfuFopwgbSORmIwzcwHKESQhC7w1kD5jaVSPnqDxS2I8t3RZ9omCKAxNwXN5zG1/Q==",
      "requires": {
        "hoek": "5.x.x",
        "isemail": "3.x.x",
        "topo": "3.x.x"
      },
      "resolved": "https://registry.npmjs.org/joi/-/joi-13.7.0.tgz",
      "version": "13.7.0"
    },
    "ms": {
      "integrity": "sha512-sGkPx+VjMtmA6MX27oA4FBFELFCZZ4S4XqeGOXCv68tT+jb3vk/RyaKWP0PTKyWtmLSM0b+adUTEvbs1PEaH2w==",
      "resolved": "https://registry.npmjs.org/ms/-/ms-2.1.2.tgz",
      "version": "2.1.2"
    },
    "nan": {
      "integrity": "sha512-INOFj37C7k3AfaNTtX8RhsTw7qRy7eLET14cROi9+5HAVbbHuIWUHEauBv5qT4Av2tWasiTY1Jw6puUNqRJXQg==",
      "resolved": "https://registry.npmjs.org/nan/-/nan-2.14.0.tgz",
      "version": "2.14.0"
    },
    "node-expat": {
      "integrity": "sha512-9dIrDxXePa9HSn+hhlAg1wXkvqOjxefEbMclGxk2cEnq/Y3U7Qo5HNNqeo3fQ4bVmLhcdt3YN1TZy7WMZy4MHw==",
      "requires": {
        "bindings": "^1.5.0",
        "nan": "^2.13.2"
      },
      "resolved": "https://registry.npmjs.org/node-expat/-/node-expat-2.3.18.tgz",
      "version": "2.3.18"
    },
    "node-fetch": {
      "integrity": "sha512-NhZ4CsKx7cYm2vSrBAr2PvFOe6sWDf0UYLRqA6svUYg7+/TSfVAu49jYC4BvQ4Sms9SZgdqGBgroqfDhJdTyKQ==",
      "requires": {
        "encoding": "^0.1.11",
        "is-stream": "^1.0.1"
      },
      "resolved": "https://registry.npmjs.org/node-fetch/-/node-fetch-1.7.3.tgz",
      "version": "1.7.3"
    },
    "punycode": {
      "integrity": "sha512-XRsRjdf+j5ml+y/6GKHPZbrF/8p2Yga0JPtdqTIY2Xe5ohJPD9saDJJLPvp9+NSBprVvevdXZybnj2cv8OEd0A==",
      "resolved": "https://registry.npmjs.org/punycode/-/punycode-2.1.1.tgz",
      "version": "2.1.1"
    },
    "safer-buffer": {
      "integrity": "sha512-YZo3K82SD7Riyi0E1EQPojLz7kpepnSQI9IyPbHHg1XXXevb5dJI7tpyN2ADxGcQbHG7vcyRHk0cbwqcQriUtg==",
      "resolved": "https://registry.npmjs.org/safer-buffer/-/safer-buffer-2.1.2.tgz",
      "version": "2.1.2"
    },
    "topo": {
      "dependencies": {
        "hoek": {
          "integrity": "sha512-YXXAAhmF9zpQbC7LEcREFtXfGq5K1fmd+4PHkBq8NUqmzW3G+Dq10bI/i0KucLRwss3YYFQ0fSfoxBZYiGUqtQ==",
          "resolved": "https://registry.npmjs.org/hoek/-/hoek-6.1.3.tgz",
          "version": "6.1.3"
        }
      },
      "integrity": "sha512-IgpPtvD4kjrJ7CRA3ov2FhWQADwv+Tdqbsf1ZnPUSAtCJ9e1Z44MmoSGDXGk4IppoZA7jd/QRkNddlLJWlUZsQ==",
      "requires": {
        "hoek": "6.x.x"
      },
      "resolved": "https://registry.npmjs.org/topo/-/topo-3.0.3.tgz",
      "version": "3.0.3"
    },
    "uuid": {
      "integrity": "sha512-pW0No1RGHgzlpHJO1nsVrHKpOEIxkGg1xB+v0ZmdNH5OAeAwzAVrCnI2/6Mtx+Uys6iaylxa+D3g4j63IKKjSQ==",
      "resolved": "https://registry.npmjs.org/uuid/-/uuid-3.3.3.tgz",
      "version": "3.3.3"
    },
    "whatwg-fetch": {
      "integrity": "sha512-9GSJUgz1D4MfyKU7KRqwOjXCXTqWdFNvEr7eUBYchQiVc744mqK/MzXPNR2WsPkmkOa4ywfg8C2n8h+13Bey1Q==",
      "resolved": "https://registry.npmjs.org/whatwg-fetch/-/whatwg-fetch-3.0.0.tgz",
      "version": "3.0.0"
    },
    "xml2json": {
      "integrity": "sha512-EPJHRWJnJUYbJlzR4pBhZODwWdi2IaYGtDdteJi0JpZ4OD31IplWALuit8r73dJuM4iHZdDVKY1tLqY2UICejg==",
      "requires": {
        "hoek": "^4.2.1",
        "joi": "^13.1.2",
        "node-expat": "^2.3.18"
      },
      "resolved": "https://registry.npmjs.org/xml2json/-/xml2json-0.12.0.tgz",
      "version": "0.12.0"
    }
  },
  "lockfileVersion": 1,
  "name": "@nativecode/plex",
  "requires": true,
  "version": "1.1.0-next.0"
}
